
Microsoft Visual Studio Solution File, Format Version 12.00
# Visual Studio Version 17
VisualStudioVersion = 17.8.34316.72
MinimumVisualStudioVersion = 10.0.40219.1
Project("{FAE04EC0-301F-11D3-BF4B-00C04F79EFBC}") = "API", "API\API.csproj", "{E3B5A8F1-6A49-4393-B102-4150101C2E59}"
EndProject
Project("{FAE04EC0-301F-11D3-BF4B-00C04F79EFBC}") = "DataAccess", "DataAccess\DataAccess.csproj", "{01DA409A-A736-4B9A-A683-217737F0DB07}"
EndProject
Project("{FAE04EC0-301F-11D3-BF4B-00C04F79EFBC}") = "Server", "Server\Server.csproj", "{D56726C4-C19C-495B-86B6-8B0CA5B384E4}"
EndProject
Project("{FAE04EC0-301F-11D3-BF4B-00C04F79EFBC}") = "Client", "Client\Client.csproj", "{23819982-184F-403B-94DE-1ADDB94ED186}"
EndProject
Global
	GlobalSection(SolutionConfigurationPlatforms) = preSolution
		Debug|Any CPU = Debug|Any CPU
		Release|Any CPU = Release|Any CPU
	EndGlobalSection
	GlobalSection(ProjectConfigurationPlatforms) = postSolution
		{E3B5A8F1-6A49-4393-B102-4150101C2E59}.Debug|Any CPU.ActiveCfg = Debug|Any CPU
		{E3B5A8F1-6A49-4393-B102-4150101C2E59}.Debug|Any CPU.Build.0 = Debug|Any CPU
		{E3B5A8F1-6A49-4393-B102-4150101C2E59}.Release|Any CPU.ActiveCfg = Release|Any CPU
		{E3B5A8F1-6A49-4393-B102-4150101C2E59}.Release|Any CPU.Build.0 = Release|Any CPU
		{01DA409A-A736-4B9A-A683-217737F0DB07}.Debug|Any CPU.ActiveCfg = Debug|Any CPU
		{01DA409A-A736-4B9A-A683-217737F0DB07}.Debug|Any CPU.Build.0 = Debug|Any CPU
		{01DA409A-A736-4B9A-A683-217737F0DB07}.Release|Any CPU.ActiveCfg = Release|Any CPU
		{01DA409A-A736-4B9A-A683-217737F0DB07}.Release|Any CPU.Build.0 = Release|Any CPU
		{D56726C4-C19C-495B-86B6-8B0CA5B384E4}.Debug|Any CPU.ActiveCfg = Debug|Any CPU
		{D56726C4-C19C-495B-86B6-8B0CA5B384E4}.Debug|Any CPU.Build.0 = Debug|Any CPU
		{D56726C4-C19C-495B-86B6-8B0CA5B384E4}.Release|Any CPU.ActiveCfg = Release|Any CPU
		{D56726C4-C19C-495B-86B6-8B0CA5B384E4}.Release|Any CPU.Build.0 = Release|Any CPU
		{23819982-184F-403B-94DE-1ADDB94ED186}.Debug|Any CPU.ActiveCfg = Debug|Any CPU
		{23819982-184F-403B-94DE-1ADDB94ED186}.Debug|Any CPU.Build.0 = Debug|Any CPU
		{23819982-184F-403B-94DE-1ADDB94ED186}.Release|Any CPU.ActiveCfg = Release|Any CPU
		{23819982-184F-403B-94DE-1ADDB94ED186}.Release|Any CPU.Build.0 = Release|Any CPU
	EndGlobalSection
	GlobalSection(SolutionProperties) = preSolution
		HideSolutionNode = FALSE
	EndGlobalSection
	GlobalSection(ExtensibilityGlobals) = postSolution
		SolutionGuid = {C076777C-8862-4F03-AAFB-CB02F82A44C7}
	EndGlobalSection
EndGlobal
